
Microsoft Visual Studio Solution File, Format Version 12.00
# Visual Studio Version 17
VisualStudioVersion = 17.5.33530.505
MinimumVisualStudioVersion = 10.0.40219.1
Project("{8BC9CEB8-8B4A-11D0-8D11-00A0C91BC942}") = "floydTriangle", "floydTriangle\floydTriangle.vcxproj", "{9D76F36C-8A30-4E9A-A27A-1EFBF0214D5C}"
EndProject
Global
	GlobalSection(SolutionConfigurationPlatforms) = preSolution
		Debug|x64 = Debug|x64
		Debug|x86 = Debug|x86
		Release|x64 = Release|x64
		Release|x86 = Release|x86
	EndGlobalSection
	GlobalSection(ProjectConfigurationPlatforms) = postSolution
		{9D76F36C-8A30-4E9A-A27A-1EFBF0214D5C}.Debug|x64.ActiveCfg = Debug|x64
		{9D76F36C-8A30-4E9A-A27A-1EFBF0214D5C}.Debug|x64.Build.0 = Debug|x64
		{9D76F36C-8A30-4E9A-A27A-1EFBF0214D5C}.Debug|x86.ActiveCfg = Debug|Win32
		{9D76F36C-8A30-4E9A-A27A-1EFBF0214D5C}.Debug|x86.Build.0 = Debug|Win32
		{9D76F36C-8A30-4E9A-A27A-1EFBF0214D5C}.Release|x64.ActiveCfg = Release|x64
		{9D76F36C-8A30-4E9A-A27A-1EFBF0214D5C}.Release|x64.Build.0 = Release|x64
		{9D76F36C-8A30-4E9A-A27A-1EFBF0214D5C}.Release|x86.ActiveCfg = Release|Win32
		{9D76F36C-8A30-4E9A-A27A-1EFBF0214D5C}.Release|x86.Build.0 = Release|Win32
	EndGlobalSection
	GlobalSection(SolutionProperties) = preSolution
		HideSolutionNode = FALSE
	EndGlobalSection
	GlobalSection(ExtensibilityGlobals) = postSolution
		SolutionGuid = {6CE5189A-8959-48D2-8D14-7E2ADBE0EB8D}
	EndGlobalSection
EndGlobal
